// !$*UTF8*$!
{
	archiveVersion = 1;
	classes = {
	};
	objectVersion = 48;
	objects = {

/* Begin PBXBuildFile section */
		6ACD76850E41F59B5CF44078 /* Pods_Meteorologist.framework in Frameworks */ = {isa = PBXBuildFile; fileRef = DD3ED3FB832EA84EF18F0B6D /* Pods_Meteorologist.framework */; };
		74C01BFA206F73CF0061E8ED /* AppDelegate.swift in Sources */ = {isa = PBXBuildFile; fileRef = 74C01BF9206F73CF0061E8ED /* AppDelegate.swift */; };
		74C01BFC206F73CF0061E8ED /* ViewController.swift in Sources */ = {isa = PBXBuildFile; fileRef = 74C01BFB206F73CF0061E8ED /* ViewController.swift */; };
		74C01BFF206F73CF0061E8ED /* Main.storyboard in Resources */ = {isa = PBXBuildFile; fileRef = 74C01BFD206F73CF0061E8ED /* Main.storyboard */; };
		74C01C02206F73CF0061E8ED /* Meteorologist.xcdatamodeld in Sources */ = {isa = PBXBuildFile; fileRef = 74C01C00206F73CF0061E8ED /* Meteorologist.xcdatamodeld */; };
		74C01C04206F73CF0061E8ED /* Assets.xcassets in Resources */ = {isa = PBXBuildFile; fileRef = 74C01C03206F73CF0061E8ED /* Assets.xcassets */; };
		74C01C07206F73CF0061E8ED /* LaunchScreen.storyboard in Resources */ = {isa = PBXBuildFile; fileRef = 74C01C05206F73CF0061E8ED /* LaunchScreen.storyboard */; };
		74C01C0F206F779A0061E8ED /* WeatherAPI.swift in Sources */ = {isa = PBXBuildFile; fileRef = 74C01C0E206F779A0061E8ED /* WeatherAPI.swift */; };
/* End PBXBuildFile section */

/* Begin PBXFileReference section */
		0B3DBF3C3774B77AE3B4FE0C /* Pods-Meteorologist.debug.xcconfig */ = {isa = PBXFileReference; includeInIndex = 1; lastKnownFileType = text.xcconfig; name = "Pods-Meteorologist.debug.xcconfig"; path = "Pods/Target Support Files/Pods-Meteorologist/Pods-Meteorologist.debug.xcconfig"; sourceTree = "<group>"; };
		58DF880D2DD69AB1BDF84E7C /* Pods-Meteorologist.release.xcconfig */ = {isa = PBXFileReference; includeInIndex = 1; lastKnownFileType = text.xcconfig; name = "Pods-Meteorologist.release.xcconfig"; path = "Pods/Target Support Files/Pods-Meteorologist/Pods-Meteorologist.release.xcconfig"; sourceTree = "<group>"; };
		74C01BF6206F73CF0061E8ED /* Meteorologist.app */ = {isa = PBXFileReference; explicitFileType = wrapper.application; includeInIndex = 0; path = Meteorologist.app; sourceTree = BUILT_PRODUCTS_DIR; };
		74C01BF9206F73CF0061E8ED /* AppDelegate.swift */ = {isa = PBXFileReference; lastKnownFileType = sourcecode.swift; path = AppDelegate.swift; sourceTree = "<group>"; };
		74C01BFB206F73CF0061E8ED /* ViewController.swift */ = {isa = PBXFileReference; lastKnownFileType = sourcecode.swift; path = ViewController.swift; sourceTree = "<group>"; };
		74C01BFE206F73CF0061E8ED /* Base */ = {isa = PBXFileReference; lastKnownFileType = file.storyboard; name = Base; path = Base.lproj/Main.storyboard; sourceTree = "<group>"; };
		74C01C01206F73CF0061E8ED /* Meteorologist.xcdatamodel */ = {isa = PBXFileReference; lastKnownFileType = wrapper.xcdatamodel; path = Meteorologist.xcdatamodel; sourceTree = "<group>"; };
		74C01C03206F73CF0061E8ED /* Assets.xcassets */ = {isa = PBXFileReference; lastKnownFileType = folder.assetcatalog; path = Assets.xcassets; sourceTree = "<group>"; };
		74C01C06206F73CF0061E8ED /* Base */ = {isa = PBXFileReference; lastKnownFileType = file.storyboard; name = Base; path = Base.lproj/LaunchScreen.storyboard; sourceTree = "<group>"; };
		74C01C08206F73CF0061E8ED /* Info.plist */ = {isa = PBXFileReference; lastKnownFileType = text.plist.xml; path = Info.plist; sourceTree = "<group>"; };
		74C01C0E206F779A0061E8ED /* WeatherAPI.swift */ = {isa = PBXFileReference; lastKnownFileType = sourcecode.swift; path = WeatherAPI.swift; sourceTree = "<group>"; };
		DD3ED3FB832EA84EF18F0B6D /* Pods_Meteorologist.framework */ = {isa = PBXFileReference; explicitFileType = wrapper.framework; includeInIndex = 0; path = Pods_Meteorologist.framework; sourceTree = BUILT_PRODUCTS_DIR; };
/* End PBXFileReference section */

/* Begin PBXFrameworksBuildPhase section */
		74C01BF3206F73CF0061E8ED /* Frameworks */ = {
			isa = PBXFrameworksBuildPhase;
			buildActionMask = 2147483647;
			files = (
				6ACD76850E41F59B5CF44078 /* Pods_Meteorologist.framework in Frameworks */,
			);
			runOnlyForDeploymentPostprocessing = 0;
		};
/* End PBXFrameworksBuildPhase section */

/* Begin PBXGroup section */
		65AED70A3BE88ED408CA4079 /* Pods */ = {
			isa = PBXGroup;
			children = (
				0B3DBF3C3774B77AE3B4FE0C /* Pods-Meteorologist.debug.xcconfig */,
				58DF880D2DD69AB1BDF84E7C /* Pods-Meteorologist.release.xcconfig */,
			);
			name = Pods;
			sourceTree = "<group>";
		};
		74C01BED206F73CF0061E8ED = {
			isa = PBXGroup;
			children = (
				74C01BF8206F73CF0061E8ED /* Meteorologist */,
				74C01BF7206F73CF0061E8ED /* Products */,
				65AED70A3BE88ED408CA4079 /* Pods */,
				A68A2667D3A23A1A15F8FC82 /* Frameworks */,
			);
			sourceTree = "<group>";
		};
		74C01BF7206F73CF0061E8ED /* Products */ = {
			isa = PBXGroup;
			children = (
				74C01BF6206F73CF0061E8ED /* Meteorologist.app */,
			);
			name = Products;
			sourceTree = "<group>";
		};
		74C01BF8206F73CF0061E8ED /* Meteorologist */ = {
			isa = PBXGroup;
			children = (
				74C01BF9206F73CF0061E8ED /* AppDelegate.swift */,
				74C01BFB206F73CF0061E8ED /* ViewController.swift */,
				74C01C0E206F779A0061E8ED /* WeatherAPI.swift */,
				74C01BFD206F73CF0061E8ED /* Main.storyboard */,
				74C01C03206F73CF0061E8ED /* Assets.xcassets */,
				74C01C05206F73CF0061E8ED /* LaunchScreen.storyboard */,
				74C01C08206F73CF0061E8ED /* Info.plist */,
				74C01C00206F73CF0061E8ED /* Meteorologist.xcdatamodeld */,
			);
			path = Meteorologist;
			sourceTree = "<group>";
		};
		A68A2667D3A23A1A15F8FC82 /* Frameworks */ = {
			isa = PBXGroup;
			children = (
				DD3ED3FB832EA84EF18F0B6D /* Pods_Meteorologist.framework */,
			);
			name = Frameworks;
			sourceTree = "<group>";
		};
/* End PBXGroup section */

/* Begin PBXNativeTarget section */
		74C01BF5206F73CF0061E8ED /* Meteorologist */ = {
			isa = PBXNativeTarget;
			buildConfigurationList = 74C01C0B206F73CF0061E8ED /* Build configuration list for PBXNativeTarget "Meteorologist" */;
			buildPhases = (
				182D155ECA39BF65DCC9627C /* [CP] Check Pods Manifest.lock */,
				74C01BF2206F73CF0061E8ED /* Sources */,
				74C01BF3206F73CF0061E8ED /* Frameworks */,
				74C01BF4206F73CF0061E8ED /* Resources */,
				CD48161067AD6DE562214190 /* [CP] Embed Pods Frameworks */,
				37C58D32523E98CC2E3D12EE /* [CP] Copy Pods Resources */,
			);
			buildRules = (
			);
			dependencies = (
			);
			name = Meteorologist;
			productName = Meteorologist;
			productReference = 74C01BF6206F73CF0061E8ED /* Meteorologist.app */;
			productType = "com.apple.product-type.application";
		};
/* End PBXNativeTarget section */

/* Begin PBXProject section */
		74C01BEE206F73CF0061E8ED /* Project object */ = {
			isa = PBXProject;
			attributes = {
				LastSwiftUpdateCheck = 0920;
				LastUpgradeCheck = 0920;
				ORGANIZATIONNAME = "Ruslan Popesku";
				TargetAttributes = {
					74C01BF5206F73CF0061E8ED = {
						CreatedOnToolsVersion = 9.2;
						ProvisioningStyle = Automatic;
					};
				};
			};
			buildConfigurationList = 74C01BF1206F73CF0061E8ED /* Build configuration list for PBXProject "Meteorologist" */;
			compatibilityVersion = "Xcode 8.0";
			developmentRegion = en;
			hasScannedForEncodings = 0;
			knownRegions = (
				en,
				Base,
			);
			mainGroup = 74C01BED206F73CF0061E8ED;
			productRefGroup = 74C01BF7206F73CF0061E8ED /* Products */;
			projectDirPath = "";
			projectRoot = "";
			targets = (
				74C01BF5206F73CF0061E8ED /* Meteorologist */,
			);
		};
/* End PBXProject section */

/* Begin PBXResourcesBuildPhase section */
		74C01BF4206F73CF0061E8ED /* Resources */ = {
			isa = PBXResourcesBuildPhase;
			buildActionMask = 2147483647;
			files = (
				74C01C07206F73CF0061E8ED /* LaunchScreen.storyboard in Resources */,
				74C01C04206F73CF0061E8ED /* Assets.xcassets in Resources */,
				74C01BFF206F73CF0061E8ED /* Main.storyboard in Resources */,
			);
			runOnlyForDeploymentPostprocessing = 0;
		};
/* End PBXResourcesBuildPhase section */

/* Begin PBXShellScriptBuildPhase section */
		182D155ECA39BF65DCC9627C /* [CP] Check Pods Manifest.lock */ = {
			isa = PBXShellScriptBuildPhase;
			buildActionMask = 2147483647;
			files = (
			);
			inputPaths = (
				"${PODS_PODFILE_DIR_PATH}/Podfile.lock",
				"${PODS_ROOT}/Manifest.lock",
			);
			name = "[CP] Check Pods Manifest.lock";
			outputPaths = (
				"$(DERIVED_FILE_DIR)/Pods-Meteorologist-checkManifestLockResult.txt",
			);
			runOnlyForDeploymentPostprocessing = 0;
			shellPath = /bin/sh;
			shellScript = "diff \"${PODS_PODFILE_DIR_PATH}/Podfile.lock\" \"${PODS_ROOT}/Manifest.lock\" > /dev/null\nif [ $? != 0 ] ; then\n    # print error to STDERR\n    echo \"error: The sandbox is not in sync with the Podfile.lock. Run 'pod install' or update your CocoaPods installation.\" >&2\n    exit 1\nfi\n# This output is used by Xcode 'outputs' to avoid re-running this script phase.\necho \"SUCCESS\" > \"${SCRIPT_OUTPUT_FILE_0}\"\n";
			showEnvVarsInLog = 0;
		};
		37C58D32523E98CC2E3D12EE /* [CP] Copy Pods Resources */ = {
			isa = PBXShellScriptBuildPhase;
			buildActionMask = 2147483647;
			files = (
			);
			inputPaths = (
			);
			name = "[CP] Copy Pods Resources";
			outputPaths = (
			);
			runOnlyForDeploymentPostprocessing = 0;
			shellPath = /bin/sh;
			shellScript = "\"${SRCROOT}/Pods/Target Support Files/Pods-Meteorologist/Pods-Meteorologist-resources.sh\"\n";
			showEnvVarsInLog = 0;
		};
		CD48161067AD6DE562214190 /* [CP] Embed Pods Frameworks */ = {
			isa = PBXShellScriptBuildPhase;
			buildActionMask = 2147483647;
			files = (
			);
			inputPaths = (
				"${SRCROOT}/Pods/Target Support Files/Pods-Meteorologist/Pods-Meteorologist-frameworks.sh",
				"${BUILT_PRODUCTS_DIR}/Alamofire/Alamofire.framework",
				"${BUILT_PRODUCTS_DIR}/AlamofireImage/AlamofireImage.framework",
				"${BUILT_PRODUCTS_DIR}/AlamofireObjectMapper/AlamofireObjectMapper.framework",
				"${BUILT_PRODUCTS_DIR}/ObjectMapper/ObjectMapper.framework",
			);
			name = "[CP] Embed Pods Frameworks";
			outputPaths = (
				"${TARGET_BUILD_DIR}/${FRAMEWORKS_FOLDER_PATH}/Alamofire.framework",
				"${TARGET_BUILD_DIR}/${FRAMEWORKS_FOLDER_PATH}/AlamofireImage.framework",
				"${TARGET_BUILD_DIR}/${FRAMEWORKS_FOLDER_PATH}/AlamofireObjectMapper.framework",
				"${TARGET_BUILD_DIR}/${FRAMEWORKS_FOLDER_PATH}/ObjectMapper.framework",
			);
			runOnlyForDeploymentPostprocessing = 0;
			shellPath = /bin/sh;
			shellScript = "\"${SRCROOT}/Pods/Target Support Files/Pods-Meteorologist/Pods-Meteorologist-frameworks.sh\"\n";
			showEnvVarsInLog = 0;
		};
/* End PBXShellScriptBuildPhase section */

/* Begin PBXSourcesBuildPhase section */
		74C01BF2206F73CF0061E8ED /* Sources */ = {
			isa = PBXSourcesBuildPhase;
			buildActionMask = 2147483647;
			files = (
				74C01C02206F73CF0061E8ED /* Meteorologist.xcdatamodeld in Sources */,
				74C01C0F206F779A0061E8ED /* WeatherAPI.swift in Sources */,
				74C01BFC206F73CF0061E8ED /* ViewController.swift in Sources */,
				74C01BFA206F73CF0061E8ED /* AppDelegate.swift in Sources */,
			);
			runOnlyForDeploymentPostprocessing = 0;
		};
/* End PBXSourcesBuildPhase section */

/* Begin PBXVariantGroup section */
		74C01BFD206F73CF0061E8ED /* Main.storyboard */ = {
			isa = PBXVariantGroup;
			children = (
				74C01BFE206F73CF0061E8ED /* Base */,
			);
			name = Main.storyboard;
			sourceTree = "<group>";
		};
		74C01C05206F73CF0061E8ED /* LaunchScreen.storyboard */ = {
			isa = PBXVariantGroup;
			children = (
				74C01C06206F73CF0061E8ED /* Base */,
			);
			name = LaunchScreen.storyboard;
			sourceTree = "<group>";
		};
/* End PBXVariantGroup section */

/* Begin XCBuildConfiguration section */
		74C01C09206F73CF0061E8ED /* Debug */ = {
			isa = XCBuildConfiguration;
			buildSettings = {
				ALWAYS_SEARCH_USER_PATHS = NO;
				CLANG_ANALYZER_NONNULL = YES;
				CLANG_ANALYZER_NUMBER_OBJECT_CONVERSION = YES_AGGRESSIVE;
				CLANG_CXX_LANGUAGE_STANDARD = "gnu++14";
				CLANG_CXX_LIBRARY = "libc++";
				CLANG_ENABLE_MODULES = YES;
				CLANG_ENABLE_OBJC_ARC = YES;
				CLANG_WARN_BLOCK_CAPTURE_AUTORELEASING = YES;
				CLANG_WARN_BOOL_CONVERSION = YES;
				CLANG_WARN_COMMA = YES;
				CLANG_WARN_CONSTANT_CONVERSION = YES;
				CLANG_WARN_DIRECT_OBJC_ISA_USAGE = YES_ERROR;
				CLANG_WARN_DOCUMENTATION_COMMENTS = YES;
				CLANG_WARN_EMPTY_BODY = YES;
				CLANG_WARN_ENUM_CONVERSION = YES;
				CLANG_WARN_INFINITE_RECURSION = YES;
				CLANG_WARN_INT_CONVERSION = YES;
				CLANG_WARN_NON_LITERAL_NULL_CONVERSION = YES;
				CLANG_WARN_OBJC_LITERAL_CONVERSION = YES;
				CLANG_WARN_OBJC_ROOT_CLASS = YES_ERROR;
				CLANG_WARN_RANGE_LOOP_ANALYSIS = YES;
				CLANG_WARN_STRICT_PROTOTYPES = YES;
				CLANG_WARN_SUSPICIOUS_MOVE = YES;
				CLANG_WARN_UNGUARDED_AVAILABILITY = YES_AGGRESSIVE;
				CLANG_WARN_UNREACHABLE_CODE = YES;
				CLANG_WARN__DUPLICATE_METHOD_MATCH = YES;
				CODE_SIGN_IDENTITY = "iPhone Developer";
				COPY_PHASE_STRIP = NO;
				DEBUG_INFORMATION_FORMAT = dwarf;
				ENABLE_STRICT_OBJC_MSGSEND = YES;
				ENABLE_TESTABILITY = YES;
				GCC_C_LANGUAGE_STANDARD = gnu11;
				GCC_DYNAMIC_NO_PIC = NO;
				GCC_NO_COMMON_BLOCKS = YES;
				GCC_OPTIMIZATION_LEVEL = 0;
				GCC_PREPROCESSOR_DEFINITIONS = (
					"DEBUG=1",
					"$(inherited)",
				);
				GCC_WARN_64_TO_32_BIT_CONVERSION = YES;
				GCC_WARN_ABOUT_RETURN_TYPE = YES_ERROR;
				GCC_WARN_UNDECLARED_SELECTOR = YES;
				GCC_WARN_UNINITIALIZED_AUTOS = YES_AGGRESSIVE;
				GCC_WARN_UNUSED_FUNCTION = YES;
				GCC_WARN_UNUSED_VARIABLE = YES;
				IPHONEOS_DEPLOYMENT_TARGET = 11.2;
				MTL_ENABLE_DEBUG_INFO = YES;
				ONLY_ACTIVE_ARCH = YES;
				SDKROOT = iphoneos;
				SWIFT_ACTIVE_COMPILATION_CONDITIONS = DEBUG;
				SWIFT_OPTIMIZATION_LEVEL = "-Onone";
			};
			name = Debug;
		};
		74C01C0A206F73CF0061E8ED /* Release */ = {
			isa = XCBuildConfiguration;
			buildSettings = {
				ALWAYS_SEARCH_USER_PATHS = NO;
				CLANG_ANALYZER_NONNULL = YES;
				CLANG_ANALYZER_NUMBER_OBJECT_CONVERSION = YES_AGGRESSIVE;
				CLANG_CXX_LANGUAGE_STANDARD = "gnu++14";
				CLANG_CXX_LIBRARY = "libc++";
				CLANG_ENABLE_MODULES = YES;
				CLANG_ENABLE_OBJC_ARC = YES;
				CLANG_WARN_BLOCK_CAPTURE_AUTORELEASING = YES;
				CLANG_WARN_BOOL_CONVERSION = YES;
				CLANG_WARN_COMMA = YES;
				CLANG_WARN_CONSTANT_CONVERSION = YES;
				CLANG_WARN_DIRECT_OBJC_ISA_USAGE = YES_ERROR;
				CLANG_WARN_DOCUMENTATION_COMMENTS = YES;
				CLANG_WARN_EMPTY_BODY = YES;
				CLANG_WARN_ENUM_CONVERSION = YES;
				CLANG_WARN_INFINITE_RECURSION = YES;
				CLANG_WARN_INT_CONVERSION = YES;
				CLANG_WARN_NON_LITERAL_NULL_CONVERSION = YES;
				CLANG_WARN_OBJC_LITERAL_CONVERSION = YES;
				CLANG_WARN_OBJC_ROOT_CLASS = YES_ERROR;
				CLANG_WARN_RANGE_LOOP_ANALYSIS = YES;
				CLANG_WARN_STRICT_PROTOTYPES = YES;
				CLANG_WARN_SUSPICIOUS_MOVE = YES;
				CLANG_WARN_UNGUARDED_AVAILABILITY = YES_AGGRESSIVE;
				CLANG_WARN_UNREACHABLE_CODE = YES;
				CLANG_WARN__DUPLICATE_METHOD_MATCH = YES;
				CODE_SIGN_IDENTITY = "iPhone Developer";
				COPY_PHASE_STRIP = NO;
				DEBUG_INFORMATION_FORMAT = "dwarf-with-dsym";
				ENABLE_NS_ASSERTIONS = NO;
				ENABLE_STRICT_OBJC_MSGSEND = YES;
				GCC_C_LANGUAGE_STANDARD = gnu11;
				GCC_NO_COMMON_BLOCKS = YES;
				GCC_WARN_64_TO_32_BIT_CONVERSION = YES;
				GCC_WARN_ABOUT_RETURN_TYPE = YES_ERROR;
				GCC_WARN_UNDECLARED_SELECTOR = YES;
				GCC_WARN_UNINITIALIZED_AUTOS = YES_AGGRESSIVE;
				GCC_WARN_UNUSED_FUNCTION = YES;
				GCC_WARN_UNUSED_VARIABLE = YES;
				IPHONEOS_DEPLOYMENT_TARGET = 11.2;
				MTL_ENABLE_DEBUG_INFO = NO;
				SDKROOT = iphoneos;
				SWIFT_OPTIMIZATION_LEVEL = "-Owholemodule";
				VALIDATE_PRODUCT = YES;
			};
			name = Release;
		};
		74C01C0C206F73CF0061E8ED /* Debug */ = {
			isa = XCBuildConfiguration;
			baseConfigurationReference = 0B3DBF3C3774B77AE3B4FE0C /* Pods-Meteorologist.debug.xcconfig */;
			buildSettings = {
				ASSETCATALOG_COMPILER_APPICON_NAME = AppIcon;
				CODE_SIGN_STYLE = Automatic;
				DEVELOPMENT_TEAM = 46V7933WWZ;
				INFOPLIST_FILE = Meteorologist/Info.plist;
				IPHONEOS_DEPLOYMENT_TARGET = 11.0;
				LD_RUNPATH_SEARCH_PATHS = "$(inherited) @executable_path/Frameworks";
				PRODUCT_BUNDLE_IDENTIFIER = rusel95.Meteorologist;
				PRODUCT_NAME = "$(TARGET_NAME)";
				SWIFT_VERSION = 4.0;
				TARGETED_DEVICE_FAMILY = 1;
			};
			name = Debug;
		};
		74C01C0D206F73CF0061E8ED /* Release */ = {
			isa = XCBuildConfiguration;
			baseConfigurationReference = 58DF880D2DD69AB1BDF84E7C /* Pods-Meteorologist.release.xcconfig */;
			buildSettings = {
				ASSETCATALOG_COMPILER_APPICON_NAME = AppIcon;
				CODE_SIGN_STYLE = Automatic;
				DEVELOPMENT_TEAM = 46V7933WWZ;
				INFOPLIST_FILE = Meteorologist/Info.plist;
				IPHONEOS_DEPLOYMENT_TARGET = 11.0;
				LD_RUNPATH_SEARCH_PATHS = "$(inherited) @executable_path/Frameworks";
				PRODUCT_BUNDLE_IDENTIFIER = rusel95.Meteorologist;
				PRODUCT_NAME = "$(TARGET_NAME)";
				SWIFT_VERSION = 4.0;
				TARGETED_DEVICE_FAMILY = 1;
			};
			name = Release;
		};
/* End XCBuildConfiguration section */

/* Begin XCConfigurationList section */
		74C01BF1206F73CF0061E8ED /* Build configuration list for PBXProject "Meteorologist" */ = {
			isa = XCConfigurationList;
			buildConfigurations = (
				74C01C09206F73CF0061E8ED /* Debug */,
				74C01C0A206F73CF0061E8ED /* Release */,
			);
			defaultConfigurationIsVisible = 0;
			defaultConfigurationName = Release;
		};
		74C01C0B206F73CF0061E8ED /* Build configuration list for PBXNativeTarget "Meteorologist" */ = {
			isa = XCConfigurationList;
			buildConfigurations = (
				74C01C0C206F73CF0061E8ED /* Debug */,
				74C01C0D206F73CF0061E8ED /* Release */,
			);
			defaultConfigurationIsVisible = 0;
			defaultConfigurationName = Release;
		};
/* End XCConfigurationList section */

/* Begin XCVersionGroup section */
		74C01C00206F73CF0061E8ED /* Meteorologist.xcdatamodeld */ = {
			isa = XCVersionGroup;
			children = (
				74C01C01206F73CF0061E8ED /* Meteorologist.xcdatamodel */,
			);
			currentVersion = 74C01C01206F73CF0061E8ED /* Meteorologist.xcdatamodel */;
			path = Meteorologist.xcdatamodeld;
			sourceTree = "<group>";
			versionGroupType = wrapper.xcdatamodel;
		};
/* End XCVersionGroup section */
	};
	rootObject = 74C01BEE206F73CF0061E8ED /* Project object */;
}
